{
  "name": "shop",
  "version": "1.0.0",
  "lockfileVersion": 3,
  "requires": true,
  "packages": {
    "": {
      "name": "shop",
      "version": "1.0.0",
      "license": "ISC",
      "dependencies": {
        "@stripe/stripe-js": "^8.5.3"
      }
    },
    "node_modules/@stripe/stripe-js": {
      "version": "8.5.3",
      "resolved": "https://registry.npmjs.org/@stripe/stripe-js/-/stripe-js-8.5.3.tgz",
      "integrity": "sha512-UM0GHAxlTN7v0lCK2P6t0VOlvBIdApIQxhnM3yZ2kupQ4PpSrLsK/n/NyYKtw2NJGMaNRRD1IicWS7fSL2sFtA==",
      "license": "MIT",
      "engines": {
        "node": ">=12.16"
      }
    }
  }
}
